{
  "requires": true,
  "lockfileVersion": 1,
  "dependencies": {
    "@types/json-schema": {
      "version": "7.0.5",
      "resolved": "http://bnpm.byted.org/@types/json-schema/download/@types/json-schema-7.0.5.tgz",
      "integrity": "sha1-3M5EMOZLRDuolF8CkPtWStW6xt0=",
      "dev": true
    },
    "ajv": {
      "version": "6.12.3",
      "resolved": "http://bnpm.byted.org/ajv/download/ajv-6.12.3.tgz",
      "integrity": "sha1-GMWvOKER3etPJpe9eNaKvByr1wY=",
      "dev": true,
      "requires": {
        "fast-deep-equal": "^3.1.1",
        "fast-json-stable-stringify": "^2.0.0",
        "json-schema-traverse": "^0.4.1",
        "uri-js": "^4.2.2"
      }
    },
    "ajv-keywords": {
      "version": "3.5.1",
      "resolved": "http://bnpm.byted.org/ajv-keywords/download/ajv-keywords-3.5.1.tgz",
      "integrity": "sha1-uDyonF1C1pAx9CTK1JqtoCNsaVc=",
      "dev": true
    },
    "big.js": {
      "version": "5.2.2",
      "resolved": "http://bnpm.byted.org/big.js/download/big.js-5.2.2.tgz",
      "integrity": "sha1-ZfCvOC9Xi83HQr2cKB6cstd2gyg="
    },
    "emojis-list": {
      "version": "3.0.0",
      "resolved": "http://bnpm.byted.org/emojis-list/download/emojis-list-3.0.0.tgz",
      "integrity": "sha1-VXBmIEatKeLpFucariYKvf9Pang="
    },
    "fast-deep-equal": {
      "version": "3.1.3",
      "resolved": "http://bnpm.byted.org/fast-deep-equal/download/fast-deep-equal-3.1.3.tgz",
      "integrity": "sha1-On1WtVnWy8PrUSMlJE5hmmXGxSU=",
      "dev": true
    },
    "fast-json-stable-stringify": {
      "version": "2.1.0",
      "resolved": "http://bnpm.byted.org/fast-json-stable-stringify/download/fast-json-stable-stringify-2.1.0.tgz",
      "integrity": "sha1-h0v2nG9ATCtdmcSBNBOZ/VWJJjM=",
      "dev": true
    },
    "file-loader": {
      "version": "6.0.0",
      "resolved": "http://bnpm.byted.org/file-loader/download/file-loader-6.0.0.tgz",
      "integrity": "sha1-l7v6q3okYMB7y9ctOmkiQH9nZJ8=",
      "dev": true,
      "requires": {
        "loader-utils": "^2.0.0",
        "schema-utils": "^2.6.5"
      },
      "dependencies": {
        "json5": {
          "version": "2.1.3",
          "resolved": "http://bnpm.byted.org/json5/download/json5-2.1.3.tgz",
          "integrity": "sha1-ybD3+pIzv+WAf+ZvzzpWF+1ZfUM=",
          "dev": true,
          "requires": {
            "minimist": "^1.2.5"
          }
        },
        "loader-utils": {
          "version": "2.0.0",
          "resolved": "http://bnpm.byted.org/loader-utils/download/loader-utils-2.0.0.tgz",
          "integrity": "sha1-5MrOW4FtQloWa18JfhDNErNgZLA=",
          "dev": true,
          "requires": {
            "big.js": "^5.2.2",
            "emojis-list": "^3.0.0",
            "json5": "^2.1.2"
          }
        }
      }
    },
    "json-schema-traverse": {
      "version": "0.4.1",
      "resolved": "http://bnpm.byted.org/json-schema-traverse/download/json-schema-traverse-0.4.1.tgz",
      "integrity": "sha1-afaofZUTq4u4/mO9sJecRI5oRmA=",
      "dev": true
    },
    "json5": {
      "version": "1.0.1",
      "resolved": "http://bnpm.byted.org/json5/download/json5-1.0.1.tgz",
      "integrity": "sha1-d5+wAYYE+oVOrL9iUhgNg1Q+Pb4=",
      "requires": {
        "minimist": "^1.2.0"
      }
    },
    "loader-utils": {
      "version": "1.4.0",
      "resolved": "http://bnpm.byted.org/loader-utils/download/loader-utils-1.4.0.tgz",
      "integrity": "sha1-xXm140yzSxp07cbB+za/o3HVphM=",
      "requires": {
        "big.js": "^5.2.2",
        "emojis-list": "^3.0.0",
        "json5": "^1.0.1"
      }
    },
    "minimist": {
      "version": "1.2.5",
      "resolved": "http://bnpm.byted.org/minimist/download/minimist-1.2.5.tgz",
      "integrity": "sha1-Z9ZgFLZqaoqqDAg8X9WN9OTpdgI="
    },
    "object-assign": {
      "version": "4.1.1",
      "resolved": "http://bnpm.byted.org/object-assign/download/object-assign-4.1.1.tgz",
      "integrity": "sha1-IQmtx5ZYh8/AXLvUQsrIv7s2CGM="
    },
    "punycode": {
      "version": "2.1.1",
      "resolved": "http://bnpm.byted.org/punycode/download/punycode-2.1.1.tgz",
      "integrity": "sha1-tYsBCsQMIsVldhbI0sLALHv0eew=",
      "dev": true
    },
    "schema-utils": {
      "version": "2.7.0",
      "resolved": "http://bnpm.byted.org/schema-utils/download/schema-utils-2.7.0.tgz",
      "integrity": "sha1-FxUfdtjq5n+793lgwzxnatn078c=",
      "dev": true,
      "requires": {
        "@types/json-schema": "^7.0.4",
        "ajv": "^6.12.2",
        "ajv-keywords": "^3.4.1"
      }
    },
    "simple-html-tokenizer": {
      "version": "0.1.1",
      "resolved": "http://bnpm.byted.org/simple-html-tokenizer/download/simple-html-tokenizer-0.1.1.tgz",
      "integrity": "sha1-BcLuxXn//+FFoDCsJs/qYbmA+r4="
    },
    "svg-inline-loader": {
      "version": "0.8.2",
      "resolved": "http://bnpm.byted.org/svg-inline-loader/download/svg-inline-loader-0.8.2.tgz",
      "integrity": "sha1-mHJBT55BQWAeBOuAzadIyaUNrnE=",
      "requires": {
        "loader-utils": "^1.1.0",
        "object-assign": "^4.0.1",
        "simple-html-tokenizer": "^0.1.1"
      }
    },
    "uri-js": {
      "version": "4.2.2",
      "resolved": "http://bnpm.byted.org/uri-js/download/uri-js-4.2.2.tgz",
      "integrity": "sha1-lMVA4f93KVbiKZUHwBCupsiDjrA=",
      "dev": true,
      "requires": {
        "punycode": "^2.1.0"
      }
    }
  }
}
